{
  "name": "@jsxcad/app-v1",
  "version": "0.0.50",
  "lockfileVersion": 1,
  "requires": true,
  "dependencies": {
    "@purtuga/esm-webpack-plugin": {
      "version": "1.0.1",
      "resolved": "http://localhost:4873/@purtuga%2fesm-webpack-plugin/-/esm-webpack-plugin-1.0.1.tgz",
      "integrity": "sha512-0fXoDHrV4WxuXzsCvD+DW/xOCSmN3khEJ1vsiDARofmgYRcqY3Sc7zfGoSFVIHcVKzcnZEFLPeybNG1GXke5GA==",
      "dev": true
    },
    "codemirror": {
      "version": "5.45.0",
      "resolved": "http://localhost:4873/codemirror/-/codemirror-5.45.0.tgz",
      "integrity": "sha512-c19j644usCE8gQaXa0jqn2B/HN9MnB2u6qPIrrhrMkB+QAP42y8G4QnTwuwbVSoUS1jEl7JU9HZMGhCDL0nsAw=="
    }
  }
}
