{
  "name": "@jsxcad/algorithm-occ",
  "version": "0.0.79",
  "lockfileVersion": 1,
  "requires": true,
  "dependencies": {
    "@jsxcad/sys": {
      "version": "0.0.79",
      "requires": {
        "localforage": "^1.7.3",
        "node-fetch": "^2.6.1"
      },
      "dependencies": {
        "@jsxcad/eslint-plugin-typelint": {},
        "immediate": {
          "version": "3.0.6",
          "resolved": "https://registry.npmjs.org/immediate/-/immediate-3.0.6.tgz",
          "integrity": "sha1-nbHb0Pr43m++D13V5Wu2BigN5ps="
        },
        "lie": {
          "version": "3.1.1",
          "resolved": "https://registry.npmjs.org/lie/-/lie-3.1.1.tgz",
          "integrity": "sha1-mkNrLMd0bKWd56QfpGmz77dr2H4=",
          "requires": {
            "immediate": "~3.0.5"
          }
        },
        "localforage": {
          "version": "1.9.0",
          "resolved": "https://registry.npmjs.org/localforage/-/localforage-1.9.0.tgz",
          "integrity": "sha512-rR1oyNrKulpe+VM9cYmcFn6tsHuokyVHFaCM3+osEmxaHTbEk8oQu6eGDfS6DQLWi/N67XRmB8ECG37OES368g==",
          "requires": {
            "lie": "3.1.1"
          }
        },
        "node-fetch": {
          "version": "2.6.1",
          "resolved": "https://registry.npmjs.org/node-fetch/-/node-fetch-2.6.1.tgz",
          "integrity": "sha512-V4aYg89jEoVRxRb2fJdAg8FHvI7cEyYdVAh94HH0UIK8oJxUfkjlDQN9RbMx+bEjP7+ggMiFRprSti032Oipxw=="
        }
      }
    },
    "@wasm-tool/emscripten": {
      "version": "1.0.0",
      "resolved": "https://registry.npmjs.org/@wasm-tool/emscripten/-/emscripten-1.0.0.tgz",
      "integrity": "sha512-Zjx3mhppmzMSWi0vVCTbh96NlCx1WwR9xwSWYsU90I3LscRjKRGjgBtbDkbnVAjW6LX08zLYR1glC2az0qxWiA==",
      "dev": true
    }
  }
}
