{
  "name": "@jsxcad/algorithm-polygons",
  "version": "0.0.50",
  "lockfileVersion": 1,
  "requires": true,
  "dependencies": {
    "@jsxcad/algorithm-path": {
      "version": "0.0.50",
      "requires": {
        "@jsxcad/math-mat4": "^0.0.50",
        "@jsxcad/math-vec3": "^0.0.50"
      },
      "dependencies": {
        "@jsxcad/math-mat4": {
          "version": "0.0.50",
          "bundled": true,
          "requires": {
            "@jsxcad/math-utils": "^0.0.50",
            "@jsxcad/math-vec2": "^0.0.50",
            "@jsxcad/math-vec3": "^0.0.50"
          },
          "dependencies": {
            "@jsxcad/math-utils": {
              "version": "0.0.50",
              "bundled": true
            },
            "@jsxcad/math-vec2": {
              "version": "0.0.50",
              "bundled": true,
              "requires": {
                "@jsxcad/math-utils": "^0.0.50"
              },
              "dependencies": {
                "@jsxcad/math-utils": {
                  "version": "0.0.50",
                  "bundled": true
                }
              }
            },
            "@jsxcad/math-vec3": {
              "version": "0.0.50",
              "bundled": true,
              "requires": {
                "@jsxcad/math-utils": "^0.0.50"
              },
              "dependencies": {
                "@jsxcad/math-utils": {
                  "version": "0.0.50",
                  "bundled": true
                }
              }
            }
          }
        },
        "@jsxcad/math-vec3": {
          "version": "0.0.50",
          "bundled": true,
          "requires": {
            "@jsxcad/math-utils": "^0.0.50"
          },
          "dependencies": {
            "@jsxcad/math-utils": {
              "version": "0.0.50",
              "bundled": true
            }
          }
        }
      }
    },
    "@jsxcad/data-shape": {
      "version": "0.0.50",
      "requires": {
        "esm": "^3.2.10"
      },
      "dependencies": {
        "esm": {
          "version": "3.2.22",
          "bundled": true
        }
      }
    },
    "@jsxcad/math-line2": {
      "version": "0.0.50",
      "requires": {
        "@jsxcad/math-utils": "^0.0.50",
        "@jsxcad/math-vec2": "^0.0.50",
        "esm": "^3.2.10"
      },
      "dependencies": {
        "@jsxcad/math-utils": {
          "version": "0.0.50",
          "bundled": true
        },
        "@jsxcad/math-vec2": {
          "version": "0.0.50",
          "bundled": true,
          "requires": {
            "@jsxcad/math-utils": "^0.0.50"
          },
          "dependencies": {
            "@jsxcad/math-utils": {
              "version": "0.0.50",
              "bundled": true
            }
          }
        },
        "esm": {
          "version": "3.2.22",
          "bundled": true
        }
      }
    },
    "@jsxcad/math-mat4": {
      "version": "0.0.50",
      "requires": {
        "@jsxcad/math-utils": "^0.0.50",
        "@jsxcad/math-vec2": "^0.0.50",
        "@jsxcad/math-vec3": "^0.0.50"
      },
      "dependencies": {
        "@jsxcad/math-utils": {
          "version": "0.0.50",
          "bundled": true
        },
        "@jsxcad/math-vec2": {
          "version": "0.0.50",
          "bundled": true,
          "requires": {
            "@jsxcad/math-utils": "^0.0.50"
          },
          "dependencies": {}
        },
        "@jsxcad/math-vec3": {
          "version": "0.0.50",
          "bundled": true,
          "requires": {
            "@jsxcad/math-utils": "^0.0.50"
          },
          "dependencies": {}
        }
      }
    },
    "@jsxcad/math-plane": {
      "version": "0.0.50",
      "requires": {
        "@jsxcad/math-mat4": "^0.0.50",
        "@jsxcad/math-utils": "^0.0.50",
        "@jsxcad/math-vec3": "^0.0.50"
      },
      "dependencies": {
        "@jsxcad/math-mat4": {
          "version": "0.0.50",
          "bundled": true,
          "requires": {
            "@jsxcad/math-utils": "^0.0.50",
            "@jsxcad/math-vec2": "^0.0.50",
            "@jsxcad/math-vec3": "^0.0.50"
          },
          "dependencies": {
            "@jsxcad/math-utils": {
              "version": "0.0.50",
              "bundled": true
            },
            "@jsxcad/math-vec2": {
              "version": "0.0.50",
              "bundled": true,
              "requires": {
                "@jsxcad/math-utils": "^0.0.50"
              },
              "dependencies": {}
            },
            "@jsxcad/math-vec3": {
              "version": "0.0.50",
              "bundled": true,
              "requires": {
                "@jsxcad/math-utils": "^0.0.50"
              },
              "dependencies": {}
            }
          }
        },
        "@jsxcad/math-utils": {
          "version": "0.0.50",
          "bundled": true
        },
        "@jsxcad/math-vec3": {
          "version": "0.0.50",
          "bundled": true,
          "requires": {
            "@jsxcad/math-utils": "^0.0.50"
          },
          "dependencies": {
            "@jsxcad/math-utils": {
              "version": "0.0.50",
              "bundled": true
            }
          }
        }
      }
    },
    "@jsxcad/math-poly3": {
      "version": "0.0.50",
      "requires": {
        "@jsxcad/math-mat4": "^0.0.50",
        "@jsxcad/math-plane": "^0.0.50",
        "@jsxcad/math-utils": "^0.0.50",
        "@jsxcad/math-vec3": "^0.0.50"
      },
      "dependencies": {
        "@jsxcad/math-mat4": {
          "version": "0.0.50",
          "bundled": true,
          "requires": {
            "@jsxcad/math-utils": "^0.0.50",
            "@jsxcad/math-vec2": "^0.0.50",
            "@jsxcad/math-vec3": "^0.0.50"
          },
          "dependencies": {
            "@jsxcad/math-utils": {
              "version": "0.0.50",
              "bundled": true
            },
            "@jsxcad/math-vec2": {
              "version": "0.0.50",
              "bundled": true,
              "requires": {
                "@jsxcad/math-utils": "^0.0.50"
              },
              "dependencies": {}
            },
            "@jsxcad/math-vec3": {
              "version": "0.0.50",
              "bundled": true,
              "requires": {
                "@jsxcad/math-utils": "^0.0.50"
              },
              "dependencies": {}
            }
          }
        },
        "@jsxcad/math-plane": {
          "version": "0.0.50",
          "bundled": true,
          "requires": {
            "@jsxcad/math-mat4": "^0.0.50",
            "@jsxcad/math-utils": "^0.0.50",
            "@jsxcad/math-vec3": "^0.0.50"
          },
          "dependencies": {
            "@jsxcad/math-mat4": {
              "version": "0.0.50",
              "bundled": true,
              "requires": {
                "@jsxcad/math-utils": "^0.0.50",
                "@jsxcad/math-vec2": "^0.0.50",
                "@jsxcad/math-vec3": "^0.0.50"
              },
              "dependencies": {}
            },
            "@jsxcad/math-utils": {
              "version": "0.0.50",
              "bundled": true
            },
            "@jsxcad/math-vec3": {
              "version": "0.0.50",
              "bundled": true,
              "requires": {
                "@jsxcad/math-utils": "^0.0.50"
              },
              "dependencies": {}
            }
          }
        },
        "@jsxcad/math-utils": {
          "version": "0.0.50",
          "bundled": true
        },
        "@jsxcad/math-vec3": {
          "version": "0.0.50",
          "bundled": true,
          "requires": {
            "@jsxcad/math-utils": "^0.0.50"
          },
          "dependencies": {
            "@jsxcad/math-utils": {
              "version": "0.0.50",
              "bundled": true
            }
          }
        }
      }
    },
    "@jsxcad/math-vec3": {
      "version": "0.0.50",
      "requires": {
        "@jsxcad/math-utils": "^0.0.50"
      },
      "dependencies": {
        "@jsxcad/math-utils": {
          "version": "0.0.50",
          "bundled": true
        }
      }
    },
    "libtess": {
      "version": "1.2.2",
      "resolved": "https://registry.npmjs.org/libtess/-/libtess-1.2.2.tgz",
      "integrity": "sha1-Fz61KhpXoCOP5I8F0SJFB0SX+Jg=",
      "dev": true
    },
    "tess2": {
      "version": "1.0.0"
    }
  }
}
